{
    "_meta": {
        "hash": {
            "sha256": "374ed9f1d1b6e3ec99162a9f76700bb49f9e8a2f6b39a6f16e2a96758cd55f14"
        },
        "pipfile-spec": 6,
        "requires": {
            "python_version": "3.8"
        },
        "sources": [
            {
                "name": "pypi",
                "url": "https://pypi.org/simple",
                "verify_ssl": true
            }
        ]
    },
    "default": {
        "asgiref": {
            "hashes": [
                "sha256:7e51911ee147dd685c3c8b805c0ad0cb58d360987b56953878f8c06d2d1c6f1a",
                "sha256:9fc6fb5d39b8af147ba40765234fa822b39818b12cc80b35ad9b0cef3a476aed"
            ],
            "markers": "python_version >= '3.5'",
            "version": "==3.2.10"
        },
        "django": {
            "hashes": [
                "sha256:a2127ad0150ec6966655bedf15dbbff9697cc86d61653db2da1afa506c0b04cc",
                "sha256:c93c28ccf1d094cbd00d860e83128a39e45d2c571d3b54361713aaaf9a94cac4"
            ],
            "index": "pypi",
            "version": "==3.1.2"
        },
        "orgparse": {
            "hashes": [
                "sha256:16c309a2efb1192ef93091d827df08d6d2f5561871afc36d8601a36e4680c016",
                "sha256:5304fe72889d255963114f35e1bebeb5e2a281f64828cf40af244076a1e34c59"
            ],
            "index": "pypi",
            "version": "==0.1.4"
        },
        "pytz": {
            "hashes": [
                "sha256:a494d53b6d39c3c6e44c3bec237336e14305e4f29bbf800b599253057fbb79ed",
                "sha256:c35965d010ce31b23eeb663ed3cc8c906275d6be1a34393a1d73a41febf4a048"
            ],
            "version": "==2020.1"
        },
        "regex": {
            "hashes": [
                "sha256:ae91972f8ac958039920ef6e8769277c084971a142ce2b660691793ae44aae6b",
                "sha256:5f18875ac23d9aa2f060838e8b79093e8bb2313dbaaa9f54c6d8e52a5df097be",
                "sha256:c570f6fa14b9c4c8a4924aaad354652366577b4f98213cf76305067144f7b100",
                "sha256:d23a18037313714fb3bb5a94434d3151ee4300bae631894b1ac08111abeaa4a3",
                "sha256:c9443124c67b1515e4fe0bb0aa18df640965e1030f468a2a5dc2589b26d130ad",
                "sha256:84e9407db1b2eb368b7ecc283121b5e592c9aaedbe8c78b1a2f1102eb2e21d19",
                "sha256:8d69cef61fa50c8133382e61fd97439de1ae623fe943578e477e76a9d9471637",
                "sha256:816064fc915796ea1f26966163f6845de5af78923dfcecf6551e095f00983650",
                "sha256:eda4771e0ace7f67f58bc5b560e27fb20f32a148cbc993b0c3835970935c2707",
                "sha256:5533a959a1748a5c042a6da71fe9267a908e21eded7a4f373efd23a2cbdb0ecc",
                "sha256:9bc13e0d20b97ffb07821aa3e113f9998e84994fe4d159ffa3d3a9d1b805043b",
                "sha256:4707f3695b34335afdfb09be3802c87fa0bc27030471dbc082f815f23688bc63",
                "sha256:a6f32aea4260dfe0e55dc9733ea162ea38f0ea86aa7d0f77b15beac5bf7b369d",
                "sha256:5d892a4f1c999834eaa3c32bc9e8b976c5825116cde553928c4c8e7e48ebda67",
                "sha256:088afc8c63e7bd187a3c70a94b9e50ab3f17e1d3f52a32750b5b77dbe99ef5ef",
                "sha256:49f23ebd5ac073765ecbcf046edc10d63dcab2f4ae2bce160982cb30df0c0302",
                "sha256:f1b3afc574a3db3b25c89161059d857bd4909a1269b0b3cb3c904677c8c4a3f7",
                "sha256:1fe0a41437bbd06063aa184c34804efa886bcc128222e9916310c92cd54c3b4c",
                "sha256:9a02d0ae31d35e1ec12a4ea4d4cca990800f66a917d0fb997b20fbc13f5321fc",
                "sha256:3d20024a70b97b4f9546696cbf2fd30bae5f42229fbddf8661261b1eaff0deb7",
                "sha256:ebbe29186a3d9b0c591e71b7393f1ae08c83cb2d8e517d2a822b8f7ec99dfd8b",
                "sha256:4318d56bccfe7d43e5addb272406ade7a2274da4b70eb15922a071c58ab0108c",
                "sha256:f2388013e68e750eaa16ccbea62d4130180c26abb1d8e5d584b9baf69672b30f",
                "sha256:84cada8effefe9a9f53f9b0d2ba9b7b6f5edf8d2155f9fdbe34616e06ececf81",
                "sha256:eaf548d117b6737df379fdd53bdde4f08870e66d7ea653e230477f071f861121",
                "sha256:60b0e9e6dc45683e569ec37c55ac20c582973841927a85f2d8a7d20ee80216ab",
                "sha256:41bb65f54bba392643557e617316d0d899ed5b4946dccee1cb6696152b29844b"
            ],
            "index": "pypi",
            "version": "==2020.9.27"
        },
        "sqlparse": {
            "hashes": [
                "sha256:022fb9c87b524d1f7862b3037e541f68597a730a8843245c349fc93e1643dc4e",
                "sha256:e162203737712307dfe78860cc56c8da8a852ab2ee33750e33aeadf38d12c548"
            ],
            "markers": "python_version >= '2.7' and python_version not in '3.0, 3.1, 3.2, 3.3'",
            "version": "==0.3.1"
        }
    },
    "develop": {}
}
